// !$*UTF8*$!
{
	archiveVersion = 1;
	classes = {
	};
	objectVersion = 56;
	objects = {

/* Begin PBXBuildFile section */
		5204B0E42A7135E100373B38 /* AppDelegate.swift in Sources */ = {isa = PBXBuildFile; fileRef = 5204B0E32A7135E100373B38 /* AppDelegate.swift */; };
		5204B0E62A7135E100373B38 /* SceneDelegate.swift in Sources */ = {isa = PBXBuildFile; fileRef = 5204B0E52A7135E100373B38 /* SceneDelegate.swift */; };
		5204B0ED2A7135E300373B38 /* Assets.xcassets in Resources */ = {isa = PBXBuildFile; fileRef = 5204B0EC2A7135E300373B38 /* Assets.xcassets */; };
		5204B0F02A7135E300373B38 /* LaunchScreen.storyboard in Resources */ = {isa = PBXBuildFile; fileRef = 5204B0EE2A7135E300373B38 /* LaunchScreen.storyboard */; };
		5204B0FB2A7135E300373B38 /* MyWeatherAppTests.swift in Sources */ = {isa = PBXBuildFile; fileRef = 5204B0FA2A7135E300373B38 /* MyWeatherAppTests.swift */; };
		5204B1052A7135E300373B38 /* MyWeatherAppUITests.swift in Sources */ = {isa = PBXBuildFile; fileRef = 5204B1042A7135E300373B38 /* MyWeatherAppUITests.swift */; };
		5204B1072A7135E300373B38 /* MyWeatherAppUITestsLaunchTests.swift in Sources */ = {isa = PBXBuildFile; fileRef = 5204B1062A7135E300373B38 /* MyWeatherAppUITestsLaunchTests.swift */; };
		5218C7CF2A7795A900080A29 /* ActivityIndicator.swift in Sources */ = {isa = PBXBuildFile; fileRef = 5218C7CE2A7795A900080A29 /* ActivityIndicator.swift */; };
		5218C7D12A77BC1700080A29 /* UIViewControllerExt.swift in Sources */ = {isa = PBXBuildFile; fileRef = 5218C7D02A77BC1700080A29 /* UIViewControllerExt.swift */; };
		5218C7D42A77CF2E00080A29 /* CurrentTempsView.swift in Sources */ = {isa = PBXBuildFile; fileRef = 5218C7D32A77CF2E00080A29 /* CurrentTempsView.swift */; };
		5218C7D72A78227A00080A29 /* SettingsVC.swift in Sources */ = {isa = PBXBuildFile; fileRef = 5218C7D62A78227A00080A29 /* SettingsVC.swift */; };
		52890E282A72722F0038F057 /* AppConstants.swift in Sources */ = {isa = PBXBuildFile; fileRef = 52890E272A72722F0038F057 /* AppConstants.swift */; };
		52890E2B2A72731D0038F057 /* AlertManager.swift in Sources */ = {isa = PBXBuildFile; fileRef = 52890E2A2A72731D0038F057 /* AlertManager.swift */; };
		52890E2D2A7273F40038F057 /* LocationManager.swift in Sources */ = {isa = PBXBuildFile; fileRef = 52890E2C2A7273F40038F057 /* LocationManager.swift */; };
		52890E322A7279450038F057 /* NetworkMonitor.swift in Sources */ = {isa = PBXBuildFile; fileRef = 52890E312A7279450038F057 /* NetworkMonitor.swift */; };
		52890E342A727A0E0038F057 /* AllMethods.swift in Sources */ = {isa = PBXBuildFile; fileRef = 52890E332A727A0E0038F057 /* AllMethods.swift */; };
		52890E362A727B5E0038F057 /* NetworkManager.swift in Sources */ = {isa = PBXBuildFile; fileRef = 52890E352A727B5E0038F057 /* NetworkManager.swift */; };
		52890E382A727DDC0038F057 /* NetworkService.swift in Sources */ = {isa = PBXBuildFile; fileRef = 52890E372A727DDC0038F057 /* NetworkService.swift */; };
		52890E3C2A727FC80038F057 /* ForecastModel.swift in Sources */ = {isa = PBXBuildFile; fileRef = 52890E3B2A727FC80038F057 /* ForecastModel.swift */; };
		52890E3E2A72801E0038F057 /* WeatherModel.swift in Sources */ = {isa = PBXBuildFile; fileRef = 52890E3D2A72801E0038F057 /* WeatherModel.swift */; };
		52890E402A7280F90038F057 /* ErrorModel.swift in Sources */ = {isa = PBXBuildFile; fileRef = 52890E3F2A7280F90038F057 /* ErrorModel.swift */; };
		52890E432A7286F10038F057 /* HomeVC.swift in Sources */ = {isa = PBXBuildFile; fileRef = 52890E422A7286F10038F057 /* HomeVC.swift */; };
		52890E452A7287D70038F057 /* HomeVM.swift in Sources */ = {isa = PBXBuildFile; fileRef = 52890E442A7287D70038F057 /* HomeVM.swift */; };
		52890E482A728ADA0038F057 /* ForecastCellVM.swift in Sources */ = {isa = PBXBuildFile; fileRef = 52890E472A728ADA0038F057 /* ForecastCellVM.swift */; };
		52890E4B2A728C1D0038F057 /* UITableViewExt.swift in Sources */ = {isa = PBXBuildFile; fileRef = 52890E4A2A728C1D0038F057 /* UITableViewExt.swift */; };
		52890E4D2A728CA20038F057 /* ForecastCell.swift in Sources */ = {isa = PBXBuildFile; fileRef = 52890E4C2A728CA20038F057 /* ForecastCell.swift */; };
		52890E4F2A728D830038F057 /* NSLayoutExt.swift in Sources */ = {isa = PBXBuildFile; fileRef = 52890E4E2A728D830038F057 /* NSLayoutExt.swift */; };
		52890E512A728DAC0038F057 /* NSObjectExt.swift in Sources */ = {isa = PBXBuildFile; fileRef = 52890E502A728DAC0038F057 /* NSObjectExt.swift */; };
		52890E532A728DE60038F057 /* UIViewExt.swift in Sources */ = {isa = PBXBuildFile; fileRef = 52890E522A728DE60038F057 /* UIViewExt.swift */; };
/* End PBXBuildFile section */

/* Begin PBXContainerItemProxy section */
		5204B0F72A7135E300373B38 /* PBXContainerItemProxy */ = {
			isa = PBXContainerItemProxy;
			containerPortal = 5204B0D82A7135E100373B38 /* Project object */;
			proxyType = 1;
			remoteGlobalIDString = 5204B0DF2A7135E100373B38;
			remoteInfo = MyWeatherApp;
		};
		5204B1012A7135E300373B38 /* PBXContainerItemProxy */ = {
			isa = PBXContainerItemProxy;
			containerPortal = 5204B0D82A7135E100373B38 /* Project object */;
			proxyType = 1;
			remoteGlobalIDString = 5204B0DF2A7135E100373B38;
			remoteInfo = MyWeatherApp;
		};
/* End PBXContainerItemProxy section */

/* Begin PBXFileReference section */
		5204B0E02A7135E100373B38 /* MyWeatherApp.app */ = {isa = PBXFileReference; explicitFileType = wrapper.application; includeInIndex = 0; path = MyWeatherApp.app; sourceTree = BUILT_PRODUCTS_DIR; };
		5204B0E32A7135E100373B38 /* AppDelegate.swift */ = {isa = PBXFileReference; lastKnownFileType = sourcecode.swift; path = AppDelegate.swift; sourceTree = "<group>"; };
		5204B0E52A7135E100373B38 /* SceneDelegate.swift */ = {isa = PBXFileReference; lastKnownFileType = sourcecode.swift; path = SceneDelegate.swift; sourceTree = "<group>"; };
		5204B0EC2A7135E300373B38 /* Assets.xcassets */ = {isa = PBXFileReference; lastKnownFileType = folder.assetcatalog; path = Assets.xcassets; sourceTree = "<group>"; };
		5204B0EF2A7135E300373B38 /* Base */ = {isa = PBXFileReference; lastKnownFileType = file.storyboard; name = Base; path = Base.lproj/LaunchScreen.storyboard; sourceTree = "<group>"; };
		5204B0F12A7135E300373B38 /* Info.plist */ = {isa = PBXFileReference; lastKnownFileType = text.plist.xml; path = Info.plist; sourceTree = "<group>"; };
		5204B0F62A7135E300373B38 /* MyWeatherAppTests.xctest */ = {isa = PBXFileReference; explicitFileType = wrapper.cfbundle; includeInIndex = 0; path = MyWeatherAppTests.xctest; sourceTree = BUILT_PRODUCTS_DIR; };
		5204B0FA2A7135E300373B38 /* MyWeatherAppTests.swift */ = {isa = PBXFileReference; lastKnownFileType = sourcecode.swift; path = MyWeatherAppTests.swift; sourceTree = "<group>"; };
		5204B1002A7135E300373B38 /* MyWeatherAppUITests.xctest */ = {isa = PBXFileReference; explicitFileType = wrapper.cfbundle; includeInIndex = 0; path = MyWeatherAppUITests.xctest; sourceTree = BUILT_PRODUCTS_DIR; };
		5204B1042A7135E300373B38 /* MyWeatherAppUITests.swift */ = {isa = PBXFileReference; lastKnownFileType = sourcecode.swift; path = MyWeatherAppUITests.swift; sourceTree = "<group>"; };
		5204B1062A7135E300373B38 /* MyWeatherAppUITestsLaunchTests.swift */ = {isa = PBXFileReference; lastKnownFileType = sourcecode.swift; path = MyWeatherAppUITestsLaunchTests.swift; sourceTree = "<group>"; };
		5218C7CE2A7795A900080A29 /* ActivityIndicator.swift */ = {isa = PBXFileReference; lastKnownFileType = sourcecode.swift; path = ActivityIndicator.swift; sourceTree = "<group>"; };
		5218C7D02A77BC1700080A29 /* UIViewControllerExt.swift */ = {isa = PBXFileReference; lastKnownFileType = sourcecode.swift; path = UIViewControllerExt.swift; sourceTree = "<group>"; };
		5218C7D32A77CF2E00080A29 /* CurrentTempsView.swift */ = {isa = PBXFileReference; lastKnownFileType = sourcecode.swift; path = CurrentTempsView.swift; sourceTree = "<group>"; };
		5218C7D62A78227A00080A29 /* SettingsVC.swift */ = {isa = PBXFileReference; lastKnownFileType = sourcecode.swift; path = SettingsVC.swift; sourceTree = "<group>"; };
		52890E272A72722F0038F057 /* AppConstants.swift */ = {isa = PBXFileReference; lastKnownFileType = sourcecode.swift; path = AppConstants.swift; sourceTree = "<group>"; };
		52890E2A2A72731D0038F057 /* AlertManager.swift */ = {isa = PBXFileReference; lastKnownFileType = sourcecode.swift; path = AlertManager.swift; sourceTree = "<group>"; };
		52890E2C2A7273F40038F057 /* LocationManager.swift */ = {isa = PBXFileReference; lastKnownFileType = sourcecode.swift; path = LocationManager.swift; sourceTree = "<group>"; };
		52890E312A7279450038F057 /* NetworkMonitor.swift */ = {isa = PBXFileReference; lastKnownFileType = sourcecode.swift; path = NetworkMonitor.swift; sourceTree = "<group>"; };
		52890E332A727A0E0038F057 /* AllMethods.swift */ = {isa = PBXFileReference; lastKnownFileType = sourcecode.swift; path = AllMethods.swift; sourceTree = "<group>"; };
		52890E352A727B5E0038F057 /* NetworkManager.swift */ = {isa = PBXFileReference; lastKnownFileType = sourcecode.swift; path = NetworkManager.swift; sourceTree = "<group>"; };
		52890E372A727DDC0038F057 /* NetworkService.swift */ = {isa = PBXFileReference; lastKnownFileType = sourcecode.swift; path = NetworkService.swift; sourceTree = "<group>"; };
		52890E3B2A727FC80038F057 /* ForecastModel.swift */ = {isa = PBXFileReference; lastKnownFileType = sourcecode.swift; path = ForecastModel.swift; sourceTree = "<group>"; };
		52890E3D2A72801E0038F057 /* WeatherModel.swift */ = {isa = PBXFileReference; lastKnownFileType = sourcecode.swift; path = WeatherModel.swift; sourceTree = "<group>"; };
		52890E3F2A7280F90038F057 /* ErrorModel.swift */ = {isa = PBXFileReference; lastKnownFileType = sourcecode.swift; path = ErrorModel.swift; sourceTree = "<group>"; };
		52890E422A7286F10038F057 /* HomeVC.swift */ = {isa = PBXFileReference; lastKnownFileType = sourcecode.swift; path = HomeVC.swift; sourceTree = "<group>"; };
		52890E442A7287D70038F057 /* HomeVM.swift */ = {isa = PBXFileReference; lastKnownFileType = sourcecode.swift; path = HomeVM.swift; sourceTree = "<group>"; };
		52890E472A728ADA0038F057 /* ForecastCellVM.swift */ = {isa = PBXFileReference; lastKnownFileType = sourcecode.swift; path = ForecastCellVM.swift; sourceTree = "<group>"; };
		52890E4A2A728C1D0038F057 /* UITableViewExt.swift */ = {isa = PBXFileReference; lastKnownFileType = sourcecode.swift; path = UITableViewExt.swift; sourceTree = "<group>"; };
		52890E4C2A728CA20038F057 /* ForecastCell.swift */ = {isa = PBXFileReference; lastKnownFileType = sourcecode.swift; path = ForecastCell.swift; sourceTree = "<group>"; };
		52890E4E2A728D830038F057 /* NSLayoutExt.swift */ = {isa = PBXFileReference; lastKnownFileType = sourcecode.swift; path = NSLayoutExt.swift; sourceTree = "<group>"; };
		52890E502A728DAC0038F057 /* NSObjectExt.swift */ = {isa = PBXFileReference; lastKnownFileType = sourcecode.swift; path = NSObjectExt.swift; sourceTree = "<group>"; };
		52890E522A728DE60038F057 /* UIViewExt.swift */ = {isa = PBXFileReference; lastKnownFileType = sourcecode.swift; path = UIViewExt.swift; sourceTree = "<group>"; };
/* End PBXFileReference section */

/* Begin PBXFrameworksBuildPhase section */
		5204B0DD2A7135E100373B38 /* Frameworks */ = {
			isa = PBXFrameworksBuildPhase;
			buildActionMask = 2147483647;
			files = (
			);
			runOnlyForDeploymentPostprocessing = 0;
		};
		5204B0F32A7135E300373B38 /* Frameworks */ = {
			isa = PBXFrameworksBuildPhase;
			buildActionMask = 2147483647;
			files = (
			);
			runOnlyForDeploymentPostprocessing = 0;
		};
		5204B0FD2A7135E300373B38 /* Frameworks */ = {
			isa = PBXFrameworksBuildPhase;
			buildActionMask = 2147483647;
			files = (
			);
			runOnlyForDeploymentPostprocessing = 0;
		};
/* End PBXFrameworksBuildPhase section */

/* Begin PBXGroup section */
		5204B0D72A7135E100373B38 = {
			isa = PBXGroup;
			children = (
				5204B0E22A7135E100373B38 /* MyWeatherApp */,
				5204B0F92A7135E300373B38 /* MyWeatherAppTests */,
				5204B1032A7135E300373B38 /* MyWeatherAppUITests */,
				5204B0E12A7135E100373B38 /* Products */,
			);
			sourceTree = "<group>";
		};
		5204B0E12A7135E100373B38 /* Products */ = {
			isa = PBXGroup;
			children = (
				5204B0E02A7135E100373B38 /* MyWeatherApp.app */,
				5204B0F62A7135E300373B38 /* MyWeatherAppTests.xctest */,
				5204B1002A7135E300373B38 /* MyWeatherAppUITests.xctest */,
			);
			name = Products;
			sourceTree = "<group>";
		};
		5204B0E22A7135E100373B38 /* MyWeatherApp */ = {
			isa = PBXGroup;
			children = (
				52890E252A7267B00038F057 /* Code */,
				52890E262A7267B70038F057 /* Resources */,
				5204B0F12A7135E300373B38 /* Info.plist */,
			);
			path = MyWeatherApp;
			sourceTree = "<group>";
		};
		5204B0F92A7135E300373B38 /* MyWeatherAppTests */ = {
			isa = PBXGroup;
			children = (
				5204B0FA2A7135E300373B38 /* MyWeatherAppTests.swift */,
			);
			path = MyWeatherAppTests;
			sourceTree = "<group>";
		};
		5204B1032A7135E300373B38 /* MyWeatherAppUITests */ = {
			isa = PBXGroup;
			children = (
				5204B1042A7135E300373B38 /* MyWeatherAppUITests.swift */,
				5204B1062A7135E300373B38 /* MyWeatherAppUITestsLaunchTests.swift */,
			);
			path = MyWeatherAppUITests;
			sourceTree = "<group>";
		};
		5218C7D22A77CF0D00080A29 /* Views */ = {
			isa = PBXGroup;
			children = (
				5218C7D32A77CF2E00080A29 /* CurrentTempsView.swift */,
			);
			path = Views;
			sourceTree = "<group>";
		};
		52890E252A7267B00038F057 /* Code */ = {
			isa = PBXGroup;
			children = (
				52890E492A728C030038F057 /* Extensions */,
				52890E462A728A9C0038F057 /* Cells */,
				52890E2E2A7277D90038F057 /* AppDelegates */,
				52890E292A7273090038F057 /* Managers */,
				52890E392A727FAB0038F057 /* Models */,
				52890E302A7279220038F057 /* Networking */,
				52890E2F2A7277EE0038F057 /* Utils */,
				52890E412A7286C00038F057 /* ViewControllers */,
				5218C7D22A77CF0D00080A29 /* Views */,
				5204B0EE2A7135E300373B38 /* LaunchScreen.storyboard */,
			);
			path = Code;
			sourceTree = "<group>";
		};
		52890E262A7267B70038F057 /* Resources */ = {
			isa = PBXGroup;
			children = (
				5204B0EC2A7135E300373B38 /* Assets.xcassets */,
			);
			path = Resources;
			sourceTree = "<group>";
		};
		52890E292A7273090038F057 /* Managers */ = {
			isa = PBXGroup;
			children = (
				52890E2A2A72731D0038F057 /* AlertManager.swift */,
				52890E2C2A7273F40038F057 /* LocationManager.swift */,
			);
			path = Managers;
			sourceTree = "<group>";
		};
		52890E2E2A7277D90038F057 /* AppDelegates */ = {
			isa = PBXGroup;
			children = (
				5204B0E32A7135E100373B38 /* AppDelegate.swift */,
				5204B0E52A7135E100373B38 /* SceneDelegate.swift */,
			);
			path = AppDelegates;
			sourceTree = "<group>";
		};
		52890E2F2A7277EE0038F057 /* Utils */ = {
			isa = PBXGroup;
			children = (
				5218C7CE2A7795A900080A29 /* ActivityIndicator.swift */,
				52890E332A727A0E0038F057 /* AllMethods.swift */,
				52890E272A72722F0038F057 /* AppConstants.swift */,
			);
			path = Utils;
			sourceTree = "<group>";
		};
		52890E302A7279220038F057 /* Networking */ = {
			isa = PBXGroup;
			children = (
				52890E312A7279450038F057 /* NetworkMonitor.swift */,
				52890E372A727DDC0038F057 /* NetworkService.swift */,
				52890E352A727B5E0038F057 /* NetworkManager.swift */,
			);
			path = Networking;
			sourceTree = "<group>";
		};
		52890E392A727FAB0038F057 /* Models */ = {
			isa = PBXGroup;
			children = (
				52890E3B2A727FC80038F057 /* ForecastModel.swift */,
				52890E3D2A72801E0038F057 /* WeatherModel.swift */,
				52890E3F2A7280F90038F057 /* ErrorModel.swift */,
			);
			path = Models;
			sourceTree = "<group>";
		};
		52890E412A7286C00038F057 /* ViewControllers */ = {
			isa = PBXGroup;
			children = (
				52890E422A7286F10038F057 /* HomeVC.swift */,
				52890E442A7287D70038F057 /* HomeVM.swift */,
				5218C7D62A78227A00080A29 /* SettingsVC.swift */,
			);
			path = ViewControllers;
			sourceTree = "<group>";
		};
		52890E462A728A9C0038F057 /* Cells */ = {
			isa = PBXGroup;
			children = (
				52890E472A728ADA0038F057 /* ForecastCellVM.swift */,
				52890E4C2A728CA20038F057 /* ForecastCell.swift */,
			);
			path = Cells;
			sourceTree = "<group>";
		};
		52890E492A728C030038F057 /* Extensions */ = {
			isa = PBXGroup;
			children = (
				52890E4E2A728D830038F057 /* NSLayoutExt.swift */,
				52890E502A728DAC0038F057 /* NSObjectExt.swift */,
				52890E4A2A728C1D0038F057 /* UITableViewExt.swift */,
				52890E522A728DE60038F057 /* UIViewExt.swift */,
				5218C7D02A77BC1700080A29 /* UIViewControllerExt.swift */,
			);
			path = Extensions;
			sourceTree = "<group>";
		};
/* End PBXGroup section */

/* Begin PBXNativeTarget section */
		5204B0DF2A7135E100373B38 /* MyWeatherApp */ = {
			isa = PBXNativeTarget;
			buildConfigurationList = 5204B10A2A7135E300373B38 /* Build configuration list for PBXNativeTarget "MyWeatherApp" */;
			buildPhases = (
				5204B0DC2A7135E100373B38 /* Sources */,
				5204B0DD2A7135E100373B38 /* Frameworks */,
				5204B0DE2A7135E100373B38 /* Resources */,
			);
			buildRules = (
			);
			dependencies = (
			);
			name = MyWeatherApp;
			productName = MyWeatherApp;
			productReference = 5204B0E02A7135E100373B38 /* MyWeatherApp.app */;
			productType = "com.apple.product-type.application";
		};
		5204B0F52A7135E300373B38 /* MyWeatherAppTests */ = {
			isa = PBXNativeTarget;
			buildConfigurationList = 5204B10D2A7135E300373B38 /* Build configuration list for PBXNativeTarget "MyWeatherAppTests" */;
			buildPhases = (
				5204B0F22A7135E300373B38 /* Sources */,
				5204B0F32A7135E300373B38 /* Frameworks */,
				5204B0F42A7135E300373B38 /* Resources */,
			);
			buildRules = (
			);
			dependencies = (
				5204B0F82A7135E300373B38 /* PBXTargetDependency */,
			);
			name = MyWeatherAppTests;
			productName = MyWeatherAppTests;
			productReference = 5204B0F62A7135E300373B38 /* MyWeatherAppTests.xctest */;
			productType = "com.apple.product-type.bundle.unit-test";
		};
		5204B0FF2A7135E300373B38 /* MyWeatherAppUITests */ = {
			isa = PBXNativeTarget;
			buildConfigurationList = 5204B1102A7135E300373B38 /* Build configuration list for PBXNativeTarget "MyWeatherAppUITests" */;
			buildPhases = (
				5204B0FC2A7135E300373B38 /* Sources */,
				5204B0FD2A7135E300373B38 /* Frameworks */,
				5204B0FE2A7135E300373B38 /* Resources */,
			);
			buildRules = (
			);
			dependencies = (
				5204B1022A7135E300373B38 /* PBXTargetDependency */,
			);
			name = MyWeatherAppUITests;
			productName = MyWeatherAppUITests;
			productReference = 5204B1002A7135E300373B38 /* MyWeatherAppUITests.xctest */;
			productType = "com.apple.product-type.bundle.ui-testing";
		};
/* End PBXNativeTarget section */

/* Begin PBXProject section */
		5204B0D82A7135E100373B38 /* Project object */ = {
			isa = PBXProject;
			attributes = {
				BuildIndependentTargetsInParallel = 1;
				LastSwiftUpdateCheck = 1430;
				LastUpgradeCheck = 1430;
				TargetAttributes = {
					5204B0DF2A7135E100373B38 = {
						CreatedOnToolsVersion = 14.3.1;
					};
					5204B0F52A7135E300373B38 = {
						CreatedOnToolsVersion = 14.3.1;
						TestTargetID = 5204B0DF2A7135E100373B38;
					};
					5204B0FF2A7135E300373B38 = {
						CreatedOnToolsVersion = 14.3.1;
						TestTargetID = 5204B0DF2A7135E100373B38;
					};
				};
			};
			buildConfigurationList = 5204B0DB2A7135E100373B38 /* Build configuration list for PBXProject "MyWeatherApp" */;
			compatibilityVersion = "Xcode 14.0";
			developmentRegion = en;
			hasScannedForEncodings = 0;
			knownRegions = (
				en,
				Base,
			);
			mainGroup = 5204B0D72A7135E100373B38;
			productRefGroup = 5204B0E12A7135E100373B38 /* Products */;
			projectDirPath = "";
			projectRoot = "";
			targets = (
				5204B0DF2A7135E100373B38 /* MyWeatherApp */,
				5204B0F52A7135E300373B38 /* MyWeatherAppTests */,
				5204B0FF2A7135E300373B38 /* MyWeatherAppUITests */,
			);
		};
/* End PBXProject section */

/* Begin PBXResourcesBuildPhase section */
		5204B0DE2A7135E100373B38 /* Resources */ = {
			isa = PBXResourcesBuildPhase;
			buildActionMask = 2147483647;
			files = (
				5204B0F02A7135E300373B38 /* LaunchScreen.storyboard in Resources */,
				5204B0ED2A7135E300373B38 /* Assets.xcassets in Resources */,
			);
			runOnlyForDeploymentPostprocessing = 0;
		};
		5204B0F42A7135E300373B38 /* Resources */ = {
			isa = PBXResourcesBuildPhase;
			buildActionMask = 2147483647;
			files = (
			);
			runOnlyForDeploymentPostprocessing = 0;
		};
		5204B0FE2A7135E300373B38 /* Resources */ = {
			isa = PBXResourcesBuildPhase;
			buildActionMask = 2147483647;
			files = (
			);
			runOnlyForDeploymentPostprocessing = 0;
		};
/* End PBXResourcesBuildPhase section */

/* Begin PBXSourcesBuildPhase section */
		5204B0DC2A7135E100373B38 /* Sources */ = {
			isa = PBXSourcesBuildPhase;
			buildActionMask = 2147483647;
			files = (
				52890E2D2A7273F40038F057 /* LocationManager.swift in Sources */,
				52890E4B2A728C1D0038F057 /* UITableViewExt.swift in Sources */,
				52890E322A7279450038F057 /* NetworkMonitor.swift in Sources */,
				52890E362A727B5E0038F057 /* NetworkManager.swift in Sources */,
				5218C7CF2A7795A900080A29 /* ActivityIndicator.swift in Sources */,
				5218C7D72A78227A00080A29 /* SettingsVC.swift in Sources */,
				52890E2B2A72731D0038F057 /* AlertManager.swift in Sources */,
				52890E432A7286F10038F057 /* HomeVC.swift in Sources */,
				52890E482A728ADA0038F057 /* ForecastCellVM.swift in Sources */,
				52890E512A728DAC0038F057 /* NSObjectExt.swift in Sources */,
				52890E382A727DDC0038F057 /* NetworkService.swift in Sources */,
				5204B0E42A7135E100373B38 /* AppDelegate.swift in Sources */,
				52890E402A7280F90038F057 /* ErrorModel.swift in Sources */,
				5218C7D12A77BC1700080A29 /* UIViewControllerExt.swift in Sources */,
				5218C7D42A77CF2E00080A29 /* CurrentTempsView.swift in Sources */,
				52890E282A72722F0038F057 /* AppConstants.swift in Sources */,
				52890E532A728DE60038F057 /* UIViewExt.swift in Sources */,
				52890E452A7287D70038F057 /* HomeVM.swift in Sources */,
				5204B0E62A7135E100373B38 /* SceneDelegate.swift in Sources */,
				52890E3C2A727FC80038F057 /* ForecastModel.swift in Sources */,
				52890E342A727A0E0038F057 /* AllMethods.swift in Sources */,
				52890E3E2A72801E0038F057 /* WeatherModel.swift in Sources */,
				52890E4F2A728D830038F057 /* NSLayoutExt.swift in Sources */,
				52890E4D2A728CA20038F057 /* ForecastCell.swift in Sources */,
			);
			runOnlyForDeploymentPostprocessing = 0;
		};
		5204B0F22A7135E300373B38 /* Sources */ = {
			isa = PBXSourcesBuildPhase;
			buildActionMask = 2147483647;
			files = (
				5204B0FB2A7135E300373B38 /* MyWeatherAppTests.swift in Sources */,
			);
			runOnlyForDeploymentPostprocessing = 0;
		};
		5204B0FC2A7135E300373B38 /* Sources */ = {
			isa = PBXSourcesBuildPhase;
			buildActionMask = 2147483647;
			files = (
				5204B1052A7135E300373B38 /* MyWeatherAppUITests.swift in Sources */,
				5204B1072A7135E300373B38 /* MyWeatherAppUITestsLaunchTests.swift in Sources */,
			);
			runOnlyForDeploymentPostprocessing = 0;
		};
/* End PBXSourcesBuildPhase section */

/* Begin PBXTargetDependency section */
		5204B0F82A7135E300373B38 /* PBXTargetDependency */ = {
			isa = PBXTargetDependency;
			target = 5204B0DF2A7135E100373B38 /* MyWeatherApp */;
			targetProxy = 5204B0F72A7135E300373B38 /* PBXContainerItemProxy */;
		};
		5204B1022A7135E300373B38 /* PBXTargetDependency */ = {
			isa = PBXTargetDependency;
			target = 5204B0DF2A7135E100373B38 /* MyWeatherApp */;
			targetProxy = 5204B1012A7135E300373B38 /* PBXContainerItemProxy */;
		};
/* End PBXTargetDependency section */

/* Begin PBXVariantGroup section */
		5204B0EE2A7135E300373B38 /* LaunchScreen.storyboard */ = {
			isa = PBXVariantGroup;
			children = (
				5204B0EF2A7135E300373B38 /* Base */,
			);
			name = LaunchScreen.storyboard;
			sourceTree = "<group>";
		};
/* End PBXVariantGroup section */

/* Begin XCBuildConfiguration section */
		5204B1082A7135E300373B38 /* Debug */ = {
			isa = XCBuildConfiguration;
			buildSettings = {
				ALWAYS_SEARCH_USER_PATHS = NO;
				CLANG_ANALYZER_NONNULL = YES;
				CLANG_ANALYZER_NUMBER_OBJECT_CONVERSION = YES_AGGRESSIVE;
				CLANG_CXX_LANGUAGE_STANDARD = "gnu++20";
				CLANG_ENABLE_MODULES = YES;
				CLANG_ENABLE_OBJC_ARC = YES;
				CLANG_ENABLE_OBJC_WEAK = YES;
				CLANG_WARN_BLOCK_CAPTURE_AUTORELEASING = YES;
				CLANG_WARN_BOOL_CONVERSION = YES;
				CLANG_WARN_COMMA = YES;
				CLANG_WARN_CONSTANT_CONVERSION = YES;
				CLANG_WARN_DEPRECATED_OBJC_IMPLEMENTATIONS = YES;
				CLANG_WARN_DIRECT_OBJC_ISA_USAGE = YES_ERROR;
				CLANG_WARN_DOCUMENTATION_COMMENTS = YES;
				CLANG_WARN_EMPTY_BODY = YES;
				CLANG_WARN_ENUM_CONVERSION = YES;
				CLANG_WARN_INFINITE_RECURSION = YES;
				CLANG_WARN_INT_CONVERSION = YES;
				CLANG_WARN_NON_LITERAL_NULL_CONVERSION = YES;
				CLANG_WARN_OBJC_IMPLICIT_RETAIN_SELF = YES;
				CLANG_WARN_OBJC_LITERAL_CONVERSION = YES;
				CLANG_WARN_OBJC_ROOT_CLASS = YES_ERROR;
				CLANG_WARN_QUOTED_INCLUDE_IN_FRAMEWORK_HEADER = YES;
				CLANG_WARN_RANGE_LOOP_ANALYSIS = YES;
				CLANG_WARN_STRICT_PROTOTYPES = YES;
				CLANG_WARN_SUSPICIOUS_MOVE = YES;
				CLANG_WARN_UNGUARDED_AVAILABILITY = YES_AGGRESSIVE;
				CLANG_WARN_UNREACHABLE_CODE = YES;
				CLANG_WARN__DUPLICATE_METHOD_MATCH = YES;
				COPY_PHASE_STRIP = NO;
				DEBUG_INFORMATION_FORMAT = dwarf;
				ENABLE_STRICT_OBJC_MSGSEND = YES;
				ENABLE_TESTABILITY = YES;
				GCC_C_LANGUAGE_STANDARD = gnu11;
				GCC_DYNAMIC_NO_PIC = NO;
				GCC_NO_COMMON_BLOCKS = YES;
				GCC_OPTIMIZATION_LEVEL = 0;
				GCC_PREPROCESSOR_DEFINITIONS = (
					"DEBUG=1",
					"$(inherited)",
				);
				GCC_WARN_64_TO_32_BIT_CONVERSION = YES;
				GCC_WARN_ABOUT_RETURN_TYPE = YES_ERROR;
				GCC_WARN_UNDECLARED_SELECTOR = YES;
				GCC_WARN_UNINITIALIZED_AUTOS = YES_AGGRESSIVE;
				GCC_WARN_UNUSED_FUNCTION = YES;
				GCC_WARN_UNUSED_VARIABLE = YES;
				IPHONEOS_DEPLOYMENT_TARGET = 16.4;
				MTL_ENABLE_DEBUG_INFO = INCLUDE_SOURCE;
				MTL_FAST_MATH = YES;
				ONLY_ACTIVE_ARCH = YES;
				SDKROOT = iphoneos;
				SWIFT_ACTIVE_COMPILATION_CONDITIONS = DEBUG;
				SWIFT_OPTIMIZATION_LEVEL = "-Onone";
			};
			name = Debug;
		};
		5204B1092A7135E300373B38 /* Release */ = {
			isa = XCBuildConfiguration;
			buildSettings = {
				ALWAYS_SEARCH_USER_PATHS = NO;
				CLANG_ANALYZER_NONNULL = YES;
				CLANG_ANALYZER_NUMBER_OBJECT_CONVERSION = YES_AGGRESSIVE;
				CLANG_CXX_LANGUAGE_STANDARD = "gnu++20";
				CLANG_ENABLE_MODULES = YES;
				CLANG_ENABLE_OBJC_ARC = YES;
				CLANG_ENABLE_OBJC_WEAK = YES;
				CLANG_WARN_BLOCK_CAPTURE_AUTORELEASING = YES;
				CLANG_WARN_BOOL_CONVERSION = YES;
				CLANG_WARN_COMMA = YES;
				CLANG_WARN_CONSTANT_CONVERSION = YES;
				CLANG_WARN_DEPRECATED_OBJC_IMPLEMENTATIONS = YES;
				CLANG_WARN_DIRECT_OBJC_ISA_USAGE = YES_ERROR;
				CLANG_WARN_DOCUMENTATION_COMMENTS = YES;
				CLANG_WARN_EMPTY_BODY = YES;
				CLANG_WARN_ENUM_CONVERSION = YES;
				CLANG_WARN_INFINITE_RECURSION = YES;
				CLANG_WARN_INT_CONVERSION = YES;
				CLANG_WARN_NON_LITERAL_NULL_CONVERSION = YES;
				CLANG_WARN_OBJC_IMPLICIT_RETAIN_SELF = YES;
				CLANG_WARN_OBJC_LITERAL_CONVERSION = YES;
				CLANG_WARN_OBJC_ROOT_CLASS = YES_ERROR;
				CLANG_WARN_QUOTED_INCLUDE_IN_FRAMEWORK_HEADER = YES;
				CLANG_WARN_RANGE_LOOP_ANALYSIS = YES;
				CLANG_WARN_STRICT_PROTOTYPES = YES;
				CLANG_WARN_SUSPICIOUS_MOVE = YES;
				CLANG_WARN_UNGUARDED_AVAILABILITY = YES_AGGRESSIVE;
				CLANG_WARN_UNREACHABLE_CODE = YES;
				CLANG_WARN__DUPLICATE_METHOD_MATCH = YES;
				COPY_PHASE_STRIP = NO;
				DEBUG_INFORMATION_FORMAT = "dwarf-with-dsym";
				ENABLE_NS_ASSERTIONS = NO;
				ENABLE_STRICT_OBJC_MSGSEND = YES;
				GCC_C_LANGUAGE_STANDARD = gnu11;
				GCC_NO_COMMON_BLOCKS = YES;
				GCC_WARN_64_TO_32_BIT_CONVERSION = YES;
				GCC_WARN_ABOUT_RETURN_TYPE = YES_ERROR;
				GCC_WARN_UNDECLARED_SELECTOR = YES;
				GCC_WARN_UNINITIALIZED_AUTOS = YES_AGGRESSIVE;
				GCC_WARN_UNUSED_FUNCTION = YES;
				GCC_WARN_UNUSED_VARIABLE = YES;
				IPHONEOS_DEPLOYMENT_TARGET = 16.4;
				MTL_ENABLE_DEBUG_INFO = NO;
				MTL_FAST_MATH = YES;
				SDKROOT = iphoneos;
				SWIFT_COMPILATION_MODE = wholemodule;
				SWIFT_OPTIMIZATION_LEVEL = "-O";
				VALIDATE_PRODUCT = YES;
			};
			name = Release;
		};
		5204B10B2A7135E300373B38 /* Debug */ = {
			isa = XCBuildConfiguration;
			buildSettings = {
				ASSETCATALOG_COMPILER_APPICON_NAME = AppIcon;
				ASSETCATALOG_COMPILER_GLOBAL_ACCENT_COLOR_NAME = AccentColor;
				CODE_SIGN_STYLE = Automatic;
				CURRENT_PROJECT_VERSION = 1;
				DEVELOPMENT_TEAM = 8UEW7N49G8;
				GENERATE_INFOPLIST_FILE = YES;
				INFOPLIST_FILE = MyWeatherApp/Info.plist;
				INFOPLIST_KEY_NSLocationAlwaysAndWhenInUseUsageDescription = "Allows weather up give you accurate weather readings";
				INFOPLIST_KEY_NSLocationWhenInUseUsageDescription = "Allows weather up give you accurate weather readings";
				INFOPLIST_KEY_UIApplicationSupportsIndirectInputEvents = YES;
				INFOPLIST_KEY_UILaunchStoryboardName = "";
				INFOPLIST_KEY_UISupportedInterfaceOrientations_iPad = "UIInterfaceOrientationPortrait UIInterfaceOrientationPortraitUpsideDown UIInterfaceOrientationLandscapeLeft UIInterfaceOrientationLandscapeRight";
				INFOPLIST_KEY_UISupportedInterfaceOrientations_iPhone = "UIInterfaceOrientationPortrait UIInterfaceOrientationLandscapeLeft UIInterfaceOrientationLandscapeRight";
				LD_RUNPATH_SEARCH_PATHS = (
					"$(inherited)",
					"@executable_path/Frameworks",
				);
				MARKETING_VERSION = 1.0;
				PRODUCT_BUNDLE_IDENTIFIER = com.garbu.MyWeatherApp;
				PRODUCT_NAME = "$(TARGET_NAME)";
				SWIFT_EMIT_LOC_STRINGS = YES;
				SWIFT_VERSION = 5.0;
				TARGETED_DEVICE_FAMILY = "1,2";
			};
			name = Debug;
		};
		5204B10C2A7135E300373B38 /* Release */ = {
			isa = XCBuildConfiguration;
			buildSettings = {
				ASSETCATALOG_COMPILER_APPICON_NAME = AppIcon;
				ASSETCATALOG_COMPILER_GLOBAL_ACCENT_COLOR_NAME = AccentColor;
				CODE_SIGN_STYLE = Automatic;
				CURRENT_PROJECT_VERSION = 1;
				DEVELOPMENT_TEAM = 8UEW7N49G8;
				GENERATE_INFOPLIST_FILE = YES;
				INFOPLIST_FILE = MyWeatherApp/Info.plist;
				INFOPLIST_KEY_NSLocationAlwaysAndWhenInUseUsageDescription = "Allows weather up give you accurate weather readings";
				INFOPLIST_KEY_NSLocationWhenInUseUsageDescription = "Allows weather up give you accurate weather readings";
				INFOPLIST_KEY_UIApplicationSupportsIndirectInputEvents = YES;
				INFOPLIST_KEY_UILaunchStoryboardName = "";
				INFOPLIST_KEY_UISupportedInterfaceOrientations_iPad = "UIInterfaceOrientationPortrait UIInterfaceOrientationPortraitUpsideDown UIInterfaceOrientationLandscapeLeft UIInterfaceOrientationLandscapeRight";
				INFOPLIST_KEY_UISupportedInterfaceOrientations_iPhone = "UIInterfaceOrientationPortrait UIInterfaceOrientationLandscapeLeft UIInterfaceOrientationLandscapeRight";
				LD_RUNPATH_SEARCH_PATHS = (
					"$(inherited)",
					"@executable_path/Frameworks",
				);
				MARKETING_VERSION = 1.0;
				PRODUCT_BUNDLE_IDENTIFIER = com.garbu.MyWeatherApp;
				PRODUCT_NAME = "$(TARGET_NAME)";
				SWIFT_EMIT_LOC_STRINGS = YES;
				SWIFT_VERSION = 5.0;
				TARGETED_DEVICE_FAMILY = "1,2";
			};
			name = Release;
		};
		5204B10E2A7135E300373B38 /* Debug */ = {
			isa = XCBuildConfiguration;
			buildSettings = {
				ALWAYS_EMBED_SWIFT_STANDARD_LIBRARIES = YES;
				BUNDLE_LOADER = "$(TEST_HOST)";
				CODE_SIGN_STYLE = Automatic;
				CURRENT_PROJECT_VERSION = 1;
				DEVELOPMENT_TEAM = 8UEW7N49G8;
				GENERATE_INFOPLIST_FILE = YES;
				IPHONEOS_DEPLOYMENT_TARGET = 16.4;
				MARKETING_VERSION = 1.0;
				PRODUCT_BUNDLE_IDENTIFIER = com.garbu.MyWeatherAppTests;
				PRODUCT_NAME = "$(TARGET_NAME)";
				SWIFT_EMIT_LOC_STRINGS = NO;
				SWIFT_VERSION = 5.0;
				TARGETED_DEVICE_FAMILY = "1,2";
				TEST_HOST = "$(BUILT_PRODUCTS_DIR)/MyWeatherApp.app/$(BUNDLE_EXECUTABLE_FOLDER_PATH)/MyWeatherApp";
			};
			name = Debug;
		};
		5204B10F2A7135E300373B38 /* Release */ = {
			isa = XCBuildConfiguration;
			buildSettings = {
				ALWAYS_EMBED_SWIFT_STANDARD_LIBRARIES = YES;
				BUNDLE_LOADER = "$(TEST_HOST)";
				CODE_SIGN_STYLE = Automatic;
				CURRENT_PROJECT_VERSION = 1;
				DEVELOPMENT_TEAM = 8UEW7N49G8;
				GENERATE_INFOPLIST_FILE = YES;
				IPHONEOS_DEPLOYMENT_TARGET = 16.4;
				MARKETING_VERSION = 1.0;
				PRODUCT_BUNDLE_IDENTIFIER = com.garbu.MyWeatherAppTests;
				PRODUCT_NAME = "$(TARGET_NAME)";
				SWIFT_EMIT_LOC_STRINGS = NO;
				SWIFT_VERSION = 5.0;
				TARGETED_DEVICE_FAMILY = "1,2";
				TEST_HOST = "$(BUILT_PRODUCTS_DIR)/MyWeatherApp.app/$(BUNDLE_EXECUTABLE_FOLDER_PATH)/MyWeatherApp";
			};
			name = Release;
		};
		5204B1112A7135E300373B38 /* Debug */ = {
			isa = XCBuildConfiguration;
			buildSettings = {
				ALWAYS_EMBED_SWIFT_STANDARD_LIBRARIES = YES;
				CODE_SIGN_STYLE = Automatic;
				CURRENT_PROJECT_VERSION = 1;
				DEVELOPMENT_TEAM = 8UEW7N49G8;
				GENERATE_INFOPLIST_FILE = YES;
				MARKETING_VERSION = 1.0;
				PRODUCT_BUNDLE_IDENTIFIER = com.garbu.MyWeatherAppUITests;
				PRODUCT_NAME = "$(TARGET_NAME)";
				SWIFT_EMIT_LOC_STRINGS = NO;
				SWIFT_VERSION = 5.0;
				TARGETED_DEVICE_FAMILY = "1,2";
				TEST_TARGET_NAME = MyWeatherApp;
			};
			name = Debug;
		};
		5204B1122A7135E300373B38 /* Release */ = {
			isa = XCBuildConfiguration;
			buildSettings = {
				ALWAYS_EMBED_SWIFT_STANDARD_LIBRARIES = YES;
				CODE_SIGN_STYLE = Automatic;
				CURRENT_PROJECT_VERSION = 1;
				DEVELOPMENT_TEAM = 8UEW7N49G8;
				GENERATE_INFOPLIST_FILE = YES;
				MARKETING_VERSION = 1.0;
				PRODUCT_BUNDLE_IDENTIFIER = com.garbu.MyWeatherAppUITests;
				PRODUCT_NAME = "$(TARGET_NAME)";
				SWIFT_EMIT_LOC_STRINGS = NO;
				SWIFT_VERSION = 5.0;
				TARGETED_DEVICE_FAMILY = "1,2";
				TEST_TARGET_NAME = MyWeatherApp;
			};
			name = Release;
		};
/* End XCBuildConfiguration section */

/* Begin XCConfigurationList section */
		5204B0DB2A7135E100373B38 /* Build configuration list for PBXProject "MyWeatherApp" */ = {
			isa = XCConfigurationList;
			buildConfigurations = (
				5204B1082A7135E300373B38 /* Debug */,
				5204B1092A7135E300373B38 /* Release */,
			);
			defaultConfigurationIsVisible = 0;
			defaultConfigurationName = Release;
		};
		5204B10A2A7135E300373B38 /* Build configuration list for PBXNativeTarget "MyWeatherApp" */ = {
			isa = XCConfigurationList;
			buildConfigurations = (
				5204B10B2A7135E300373B38 /* Debug */,
				5204B10C2A7135E300373B38 /* Release */,
			);
			defaultConfigurationIsVisible = 0;
			defaultConfigurationName = Release;
		};
		5204B10D2A7135E300373B38 /* Build configuration list for PBXNativeTarget "MyWeatherAppTests" */ = {
			isa = XCConfigurationList;
			buildConfigurations = (
				5204B10E2A7135E300373B38 /* Debug */,
				5204B10F2A7135E300373B38 /* Release */,
			);
			defaultConfigurationIsVisible = 0;
			defaultConfigurationName = Release;
		};
		5204B1102A7135E300373B38 /* Build configuration list for PBXNativeTarget "MyWeatherAppUITests" */ = {
			isa = XCConfigurationList;
			buildConfigurations = (
				5204B1112A7135E300373B38 /* Debug */,
				5204B1122A7135E300373B38 /* Release */,
			);
			defaultConfigurationIsVisible = 0;
			defaultConfigurationName = Release;
		};
/* End XCConfigurationList section */
	};
	rootObject = 5204B0D82A7135E100373B38 /* Project object */;
}
